
Microsoft Visual Studio Solution File, Format Version 12.00
# Visual Studio Version 17
VisualStudioVersion = 17.14.36212.18
MinimumVisualStudioVersion = 10.0.40219.1
Project("{FAE04EC0-301F-11D3-BF4B-00C04F79EFBC}") = "CSharp", "CSharp\CSharp.csproj", "{19938682-F581-4485-BDBD-857CA5117D1B}"
EndProject
Project("{FAE04EC0-301F-11D3-BF4B-00C04F79EFBC}") = "Calculadora de Conversión de Tipos", "Fundamentos C#\Calculadora de Conversión de Tipos.csproj", "{4B6DD0EC-3C0C-4310-A0AC-98A670811691}"
EndProject
Project("{FAE04EC0-301F-11D3-BF4B-00C04F79EFBC}") = "SistemaDeCalificaciones", "SistemaDeCalificaciones\SistemaDeCalificaciones.csproj", "{C842814B-A88A-42FA-A4B8-5774BC9BE421}"
EndProject
Project("{FAE04EC0-301F-11D3-BF4B-00C04F79EFBC}") = "Sistema de Gestión de Inventario", "Sistema de Gestión de Inventario\Sistema de Gestión de Inventario.csproj", "{D2957D66-063E-4A51-A521-DDBF15089572}"
EndProject
Project("{FAE04EC0-301F-11D3-BF4B-00C04F79EFBC}") = "Sistema de Analisis de Texto", "Sistema de Analisis de Texto\Sistema de Analisis de Texto.csproj", "{42256DE3-6FF1-47F6-A384-4BB84A8DBBDA}"
EndProject
Project("{FAE04EC0-301F-11D3-BF4B-00C04F79EFBC}") = "Sistema de Gestión de Biblioteca", "Sistema de Gestión de Biblioteca\Sistema de Gestión de Biblioteca.csproj", "{DC914733-F08F-4A40-ADC8-B0EABA474C5E}"
EndProject
Global
	GlobalSection(SolutionConfigurationPlatforms) = preSolution
		Debug|Any CPU = Debug|Any CPU
		Release|Any CPU = Release|Any CPU
	EndGlobalSection
	GlobalSection(ProjectConfigurationPlatforms) = postSolution
		{19938682-F581-4485-BDBD-857CA5117D1B}.Debug|Any CPU.ActiveCfg = Debug|Any CPU
		{19938682-F581-4485-BDBD-857CA5117D1B}.Debug|Any CPU.Build.0 = Debug|Any CPU
		{19938682-F581-4485-BDBD-857CA5117D1B}.Release|Any CPU.ActiveCfg = Release|Any CPU
		{19938682-F581-4485-BDBD-857CA5117D1B}.Release|Any CPU.Build.0 = Release|Any CPU
		{4B6DD0EC-3C0C-4310-A0AC-98A670811691}.Debug|Any CPU.ActiveCfg = Debug|Any CPU
		{4B6DD0EC-3C0C-4310-A0AC-98A670811691}.Debug|Any CPU.Build.0 = Debug|Any CPU
		{4B6DD0EC-3C0C-4310-A0AC-98A670811691}.Release|Any CPU.ActiveCfg = Release|Any CPU
		{4B6DD0EC-3C0C-4310-A0AC-98A670811691}.Release|Any CPU.Build.0 = Release|Any CPU
		{C842814B-A88A-42FA-A4B8-5774BC9BE421}.Debug|Any CPU.ActiveCfg = Debug|Any CPU
		{C842814B-A88A-42FA-A4B8-5774BC9BE421}.Debug|Any CPU.Build.0 = Debug|Any CPU
		{C842814B-A88A-42FA-A4B8-5774BC9BE421}.Release|Any CPU.ActiveCfg = Release|Any CPU
		{C842814B-A88A-42FA-A4B8-5774BC9BE421}.Release|Any CPU.Build.0 = Release|Any CPU
		{D2957D66-063E-4A51-A521-DDBF15089572}.Debug|Any CPU.ActiveCfg = Debug|Any CPU
		{D2957D66-063E-4A51-A521-DDBF15089572}.Debug|Any CPU.Build.0 = Debug|Any CPU
		{D2957D66-063E-4A51-A521-DDBF15089572}.Release|Any CPU.ActiveCfg = Release|Any CPU
		{D2957D66-063E-4A51-A521-DDBF15089572}.Release|Any CPU.Build.0 = Release|Any CPU
		{42256DE3-6FF1-47F6-A384-4BB84A8DBBDA}.Debug|Any CPU.ActiveCfg = Debug|Any CPU
		{42256DE3-6FF1-47F6-A384-4BB84A8DBBDA}.Debug|Any CPU.Build.0 = Debug|Any CPU
		{42256DE3-6FF1-47F6-A384-4BB84A8DBBDA}.Release|Any CPU.ActiveCfg = Release|Any CPU
		{42256DE3-6FF1-47F6-A384-4BB84A8DBBDA}.Release|Any CPU.Build.0 = Release|Any CPU
		{DC914733-F08F-4A40-ADC8-B0EABA474C5E}.Debug|Any CPU.ActiveCfg = Debug|Any CPU
		{DC914733-F08F-4A40-ADC8-B0EABA474C5E}.Debug|Any CPU.Build.0 = Debug|Any CPU
		{DC914733-F08F-4A40-ADC8-B0EABA474C5E}.Release|Any CPU.ActiveCfg = Release|Any CPU
		{DC914733-F08F-4A40-ADC8-B0EABA474C5E}.Release|Any CPU.Build.0 = Release|Any CPU
	EndGlobalSection
	GlobalSection(SolutionProperties) = preSolution
		HideSolutionNode = FALSE
	EndGlobalSection
	GlobalSection(ExtensibilityGlobals) = postSolution
		SolutionGuid = {ED36B9CA-E176-49BA-A61D-0C4C1A7E4697}
	EndGlobalSection
EndGlobal
